// !$*UTF8*$!
{
	archiveVersion = 1;
	classes = {
	};
	objectVersion = 56;
	objects = {

/* Begin PBXBuildFile section */
		0A99FB702CEC65FB002AF2BB /* AppDelegate.swift in Sources */ = {isa = PBXBuildFile; fileRef = 0A99FB6F2CEC65FB002AF2BB /* AppDelegate.swift */; };
		0A99FB722CEC65FB002AF2BB /* SceneDelegate.swift in Sources */ = {isa = PBXBuildFile; fileRef = 0A99FB712CEC65FB002AF2BB /* SceneDelegate.swift */; };
		0A99FB742CEC65FB002AF2BB /* ViewController.swift in Sources */ = {isa = PBXBuildFile; fileRef = 0A99FB732CEC65FB002AF2BB /* ViewController.swift */; };
		0A99FB772CEC65FB002AF2BB /* Base in Resources */ = {isa = PBXBuildFile; fileRef = 0A99FB762CEC65FB002AF2BB /* Base */; };
		0A99FB792CEC6604002AF2BB /* Assets.xcassets in Resources */ = {isa = PBXBuildFile; fileRef = 0A99FB782CEC6604002AF2BB /* Assets.xcassets */; };
		0A99FB7C2CEC6604002AF2BB /* Base in Resources */ = {isa = PBXBuildFile; fileRef = 0A99FB7B2CEC6604002AF2BB /* Base */; };
		0A99FB872CEC6605002AF2BB /* UIKitTestTests.swift in Sources */ = {isa = PBXBuildFile; fileRef = 0A99FB862CEC6605002AF2BB /* UIKitTestTests.swift */; };
		0A99FB912CEC6605002AF2BB /* UIKitTestUITests.swift in Sources */ = {isa = PBXBuildFile; fileRef = 0A99FB902CEC6605002AF2BB /* UIKitTestUITests.swift */; };
		0A99FB932CEC6605002AF2BB /* UIKitTestUITestsLaunchTests.swift in Sources */ = {isa = PBXBuildFile; fileRef = 0A99FB922CEC6605002AF2BB /* UIKitTestUITestsLaunchTests.swift */; };
		0A99FBA12CEC6862002AF2BB /* SnapKit in Frameworks */ = {isa = PBXBuildFile; productRef = 0A99FBA02CEC6862002AF2BB /* SnapKit */; };
/* End PBXBuildFile section */

/* Begin PBXContainerItemProxy section */
		0A99FB832CEC6605002AF2BB /* PBXContainerItemProxy */ = {
			isa = PBXContainerItemProxy;
			containerPortal = 0A99FB642CEC65FB002AF2BB /* Project object */;
			proxyType = 1;
			remoteGlobalIDString = 0A99FB6B2CEC65FB002AF2BB;
			remoteInfo = UIKitTest;
		};
		0A99FB8D2CEC6605002AF2BB /* PBXContainerItemProxy */ = {
			isa = PBXContainerItemProxy;
			containerPortal = 0A99FB642CEC65FB002AF2BB /* Project object */;
			proxyType = 1;
			remoteGlobalIDString = 0A99FB6B2CEC65FB002AF2BB;
			remoteInfo = UIKitTest;
		};
/* End PBXContainerItemProxy section */

/* Begin PBXFileReference section */
		0A99FB6C2CEC65FB002AF2BB /* UIKitTest.app */ = {isa = PBXFileReference; explicitFileType = wrapper.application; includeInIndex = 0; path = UIKitTest.app; sourceTree = BUILT_PRODUCTS_DIR; };
		0A99FB6F2CEC65FB002AF2BB /* AppDelegate.swift */ = {isa = PBXFileReference; lastKnownFileType = sourcecode.swift; path = AppDelegate.swift; sourceTree = "<group>"; };
		0A99FB712CEC65FB002AF2BB /* SceneDelegate.swift */ = {isa = PBXFileReference; lastKnownFileType = sourcecode.swift; path = SceneDelegate.swift; sourceTree = "<group>"; };
		0A99FB732CEC65FB002AF2BB /* ViewController.swift */ = {isa = PBXFileReference; lastKnownFileType = sourcecode.swift; path = ViewController.swift; sourceTree = "<group>"; };
		0A99FB762CEC65FB002AF2BB /* Base */ = {isa = PBXFileReference; lastKnownFileType = file.storyboard; name = Base; path = Base.lproj/Main.storyboard; sourceTree = "<group>"; };
		0A99FB782CEC6604002AF2BB /* Assets.xcassets */ = {isa = PBXFileReference; lastKnownFileType = folder.assetcatalog; path = Assets.xcassets; sourceTree = "<group>"; };
		0A99FB7B2CEC6604002AF2BB /* Base */ = {isa = PBXFileReference; lastKnownFileType = file.storyboard; name = Base; path = Base.lproj/LaunchScreen.storyboard; sourceTree = "<group>"; };
		0A99FB7D2CEC6604002AF2BB /* Info.plist */ = {isa = PBXFileReference; lastKnownFileType = text.plist.xml; path = Info.plist; sourceTree = "<group>"; };
		0A99FB822CEC6605002AF2BB /* UIKitTestTests.xctest */ = {isa = PBXFileReference; explicitFileType = wrapper.cfbundle; includeInIndex = 0; path = UIKitTestTests.xctest; sourceTree = BUILT_PRODUCTS_DIR; };
		0A99FB862CEC6605002AF2BB /* UIKitTestTests.swift */ = {isa = PBXFileReference; lastKnownFileType = sourcecode.swift; path = UIKitTestTests.swift; sourceTree = "<group>"; };
		0A99FB8C2CEC6605002AF2BB /* UIKitTestUITests.xctest */ = {isa = PBXFileReference; explicitFileType = wrapper.cfbundle; includeInIndex = 0; path = UIKitTestUITests.xctest; sourceTree = BUILT_PRODUCTS_DIR; };
		0A99FB902CEC6605002AF2BB /* UIKitTestUITests.swift */ = {isa = PBXFileReference; lastKnownFileType = sourcecode.swift; path = UIKitTestUITests.swift; sourceTree = "<group>"; };
		0A99FB922CEC6605002AF2BB /* UIKitTestUITestsLaunchTests.swift */ = {isa = PBXFileReference; lastKnownFileType = sourcecode.swift; path = UIKitTestUITestsLaunchTests.swift; sourceTree = "<group>"; };
/* End PBXFileReference section */

/* Begin PBXFrameworksBuildPhase section */
		0A99FB692CEC65FB002AF2BB /* Frameworks */ = {
			isa = PBXFrameworksBuildPhase;
			buildActionMask = 2147483647;
			files = (
				0A99FBA12CEC6862002AF2BB /* SnapKit in Frameworks */,
			);
			runOnlyForDeploymentPostprocessing = 0;
		};
		0A99FB7F2CEC6605002AF2BB /* Frameworks */ = {
			isa = PBXFrameworksBuildPhase;
			buildActionMask = 2147483647;
			files = (
			);
			runOnlyForDeploymentPostprocessing = 0;
		};
		0A99FB892CEC6605002AF2BB /* Frameworks */ = {
			isa = PBXFrameworksBuildPhase;
			buildActionMask = 2147483647;
			files = (
			);
			runOnlyForDeploymentPostprocessing = 0;
		};
/* End PBXFrameworksBuildPhase section */

/* Begin PBXGroup section */
		0A99FB632CEC65FB002AF2BB = {
			isa = PBXGroup;
			children = (
				0A99FB6E2CEC65FB002AF2BB /* UIKitTest */,
				0A99FB852CEC6605002AF2BB /* UIKitTestTests */,
				0A99FB8F2CEC6605002AF2BB /* UIKitTestUITests */,
				0A99FB6D2CEC65FB002AF2BB /* Products */,
			);
			sourceTree = "<group>";
		};
		0A99FB6D2CEC65FB002AF2BB /* Products */ = {
			isa = PBXGroup;
			children = (
				0A99FB6C2CEC65FB002AF2BB /* UIKitTest.app */,
				0A99FB822CEC6605002AF2BB /* UIKitTestTests.xctest */,
				0A99FB8C2CEC6605002AF2BB /* UIKitTestUITests.xctest */,
			);
			name = Products;
			sourceTree = "<group>";
		};
		0A99FB6E2CEC65FB002AF2BB /* UIKitTest */ = {
			isa = PBXGroup;
			children = (
				0A99FB6F2CEC65FB002AF2BB /* AppDelegate.swift */,
				0A99FB712CEC65FB002AF2BB /* SceneDelegate.swift */,
				0A99FB732CEC65FB002AF2BB /* ViewController.swift */,
				0A99FB752CEC65FB002AF2BB /* Main.storyboard */,
				0A99FB782CEC6604002AF2BB /* Assets.xcassets */,
				0A99FB7A2CEC6604002AF2BB /* LaunchScreen.storyboard */,
				0A99FB7D2CEC6604002AF2BB /* Info.plist */,
			);
			path = UIKitTest;
			sourceTree = "<group>";
		};
		0A99FB852CEC6605002AF2BB /* UIKitTestTests */ = {
			isa = PBXGroup;
			children = (
				0A99FB862CEC6605002AF2BB /* UIKitTestTests.swift */,
			);
			path = UIKitTestTests;
			sourceTree = "<group>";
		};
		0A99FB8F2CEC6605002AF2BB /* UIKitTestUITests */ = {
			isa = PBXGroup;
			children = (
				0A99FB902CEC6605002AF2BB /* UIKitTestUITests.swift */,
				0A99FB922CEC6605002AF2BB /* UIKitTestUITestsLaunchTests.swift */,
			);
			path = UIKitTestUITests;
			sourceTree = "<group>";
		};
/* End PBXGroup section */

/* Begin PBXNativeTarget section */
		0A99FB6B2CEC65FB002AF2BB /* UIKitTest */ = {
			isa = PBXNativeTarget;
			buildConfigurationList = 0A99FB962CEC6605002AF2BB /* Build configuration list for PBXNativeTarget "UIKitTest" */;
			buildPhases = (
				0A99FB682CEC65FB002AF2BB /* Sources */,
				0A99FB692CEC65FB002AF2BB /* Frameworks */,
				0A99FB6A2CEC65FB002AF2BB /* Resources */,
			);
			buildRules = (
			);
			dependencies = (
			);
			name = UIKitTest;
			packageProductDependencies = (
				0A99FBA02CEC6862002AF2BB /* SnapKit */,
			);
			productName = UIKitTest;
			productReference = 0A99FB6C2CEC65FB002AF2BB /* UIKitTest.app */;
			productType = "com.apple.product-type.application";
		};
		0A99FB812CEC6605002AF2BB /* UIKitTestTests */ = {
			isa = PBXNativeTarget;
			buildConfigurationList = 0A99FB992CEC6605002AF2BB /* Build configuration list for PBXNativeTarget "UIKitTestTests" */;
			buildPhases = (
				0A99FB7E2CEC6605002AF2BB /* Sources */,
				0A99FB7F2CEC6605002AF2BB /* Frameworks */,
				0A99FB802CEC6605002AF2BB /* Resources */,
			);
			buildRules = (
			);
			dependencies = (
				0A99FB842CEC6605002AF2BB /* PBXTargetDependency */,
			);
			name = UIKitTestTests;
			productName = UIKitTestTests;
			productReference = 0A99FB822CEC6605002AF2BB /* UIKitTestTests.xctest */;
			productType = "com.apple.product-type.bundle.unit-test";
		};
		0A99FB8B2CEC6605002AF2BB /* UIKitTestUITests */ = {
			isa = PBXNativeTarget;
			buildConfigurationList = 0A99FB9C2CEC6605002AF2BB /* Build configuration list for PBXNativeTarget "UIKitTestUITests" */;
			buildPhases = (
				0A99FB882CEC6605002AF2BB /* Sources */,
				0A99FB892CEC6605002AF2BB /* Frameworks */,
				0A99FB8A2CEC6605002AF2BB /* Resources */,
			);
			buildRules = (
			);
			dependencies = (
				0A99FB8E2CEC6605002AF2BB /* PBXTargetDependency */,
			);
			name = UIKitTestUITests;
			productName = UIKitTestUITests;
			productReference = 0A99FB8C2CEC6605002AF2BB /* UIKitTestUITests.xctest */;
			productType = "com.apple.product-type.bundle.ui-testing";
		};
/* End PBXNativeTarget section */

/* Begin PBXProject section */
		0A99FB642CEC65FB002AF2BB /* Project object */ = {
			isa = PBXProject;
			attributes = {
				BuildIndependentTargetsInParallel = 1;
				LastSwiftUpdateCheck = 1540;
				LastUpgradeCheck = 1540;
				TargetAttributes = {
					0A99FB6B2CEC65FB002AF2BB = {
						CreatedOnToolsVersion = 15.4;
					};
					0A99FB812CEC6605002AF2BB = {
						CreatedOnToolsVersion = 15.4;
						TestTargetID = 0A99FB6B2CEC65FB002AF2BB;
					};
					0A99FB8B2CEC6605002AF2BB = {
						CreatedOnToolsVersion = 15.4;
						TestTargetID = 0A99FB6B2CEC65FB002AF2BB;
					};
				};
			};
			buildConfigurationList = 0A99FB672CEC65FB002AF2BB /* Build configuration list for PBXProject "UIKitTest" */;
			compatibilityVersion = "Xcode 14.0";
			developmentRegion = en;
			hasScannedForEncodings = 0;
			knownRegions = (
				en,
				Base,
			);
			mainGroup = 0A99FB632CEC65FB002AF2BB;
			packageReferences = (
				0A99FB9F2CEC6862002AF2BB /* XCRemoteSwiftPackageReference "SnapKit" */,
			);
			productRefGroup = 0A99FB6D2CEC65FB002AF2BB /* Products */;
			projectDirPath = "";
			projectRoot = "";
			targets = (
				0A99FB6B2CEC65FB002AF2BB /* UIKitTest */,
				0A99FB812CEC6605002AF2BB /* UIKitTestTests */,
				0A99FB8B2CEC6605002AF2BB /* UIKitTestUITests */,
			);
		};
/* End PBXProject section */

/* Begin PBXResourcesBuildPhase section */
		0A99FB6A2CEC65FB002AF2BB /* Resources */ = {
			isa = PBXResourcesBuildPhase;
			buildActionMask = 2147483647;
			files = (
				0A99FB792CEC6604002AF2BB /* Assets.xcassets in Resources */,
				0A99FB7C2CEC6604002AF2BB /* Base in Resources */,
				0A99FB772CEC65FB002AF2BB /* Base in Resources */,
			);
			runOnlyForDeploymentPostprocessing = 0;
		};
		0A99FB802CEC6605002AF2BB /* Resources */ = {
			isa = PBXResourcesBuildPhase;
			buildActionMask = 2147483647;
			files = (
			);
			runOnlyForDeploymentPostprocessing = 0;
		};
		0A99FB8A2CEC6605002AF2BB /* Resources */ = {
			isa = PBXResourcesBuildPhase;
			buildActionMask = 2147483647;
			files = (
			);
			runOnlyForDeploymentPostprocessing = 0;
		};
/* End PBXResourcesBuildPhase section */

/* Begin PBXSourcesBuildPhase section */
		0A99FB682CEC65FB002AF2BB /* Sources */ = {
			isa = PBXSourcesBuildPhase;
			buildActionMask = 2147483647;
			files = (
				0A99FB742CEC65FB002AF2BB /* ViewController.swift in Sources */,
				0A99FB702CEC65FB002AF2BB /* AppDelegate.swift in Sources */,
				0A99FB722CEC65FB002AF2BB /* SceneDelegate.swift in Sources */,
			);
			runOnlyForDeploymentPostprocessing = 0;
		};
		0A99FB7E2CEC6605002AF2BB /* Sources */ = {
			isa = PBXSourcesBuildPhase;
			buildActionMask = 2147483647;
			files = (
				0A99FB872CEC6605002AF2BB /* UIKitTestTests.swift in Sources */,
			);
			runOnlyForDeploymentPostprocessing = 0;
		};
		0A99FB882CEC6605002AF2BB /* Sources */ = {
			isa = PBXSourcesBuildPhase;
			buildActionMask = 2147483647;
			files = (
				0A99FB912CEC6605002AF2BB /* UIKitTestUITests.swift in Sources */,
				0A99FB932CEC6605002AF2BB /* UIKitTestUITestsLaunchTests.swift in Sources */,
			);
			runOnlyForDeploymentPostprocessing = 0;
		};
/* End PBXSourcesBuildPhase section */

/* Begin PBXTargetDependency section */
		0A99FB842CEC6605002AF2BB /* PBXTargetDependency */ = {
			isa = PBXTargetDependency;
			target = 0A99FB6B2CEC65FB002AF2BB /* UIKitTest */;
			targetProxy = 0A99FB832CEC6605002AF2BB /* PBXContainerItemProxy */;
		};
		0A99FB8E2CEC6605002AF2BB /* PBXTargetDependency */ = {
			isa = PBXTargetDependency;
			target = 0A99FB6B2CEC65FB002AF2BB /* UIKitTest */;
			targetProxy = 0A99FB8D2CEC6605002AF2BB /* PBXContainerItemProxy */;
		};
/* End PBXTargetDependency section */

/* Begin PBXVariantGroup section */
		0A99FB752CEC65FB002AF2BB /* Main.storyboard */ = {
			isa = PBXVariantGroup;
			children = (
				0A99FB762CEC65FB002AF2BB /* Base */,
			);
			name = Main.storyboard;
			sourceTree = "<group>";
		};
		0A99FB7A2CEC6604002AF2BB /* LaunchScreen.storyboard */ = {
			isa = PBXVariantGroup;
			children = (
				0A99FB7B2CEC6604002AF2BB /* Base */,
			);
			name = LaunchScreen.storyboard;
			sourceTree = "<group>";
		};
/* End PBXVariantGroup section */

/* Begin XCBuildConfiguration section */
		0A99FB942CEC6605002AF2BB /* Debug */ = {
			isa = XCBuildConfiguration;
			buildSettings = {
				ALWAYS_SEARCH_USER_PATHS = NO;
				ASSETCATALOG_COMPILER_GENERATE_SWIFT_ASSET_SYMBOL_EXTENSIONS = YES;
				CLANG_ANALYZER_NONNULL = YES;
				CLANG_ANALYZER_NUMBER_OBJECT_CONVERSION = YES_AGGRESSIVE;
				CLANG_CXX_LANGUAGE_STANDARD = "gnu++20";
				CLANG_ENABLE_MODULES = YES;
				CLANG_ENABLE_OBJC_ARC = YES;
				CLANG_ENABLE_OBJC_WEAK = YES;
				CLANG_WARN_BLOCK_CAPTURE_AUTORELEASING = YES;
				CLANG_WARN_BOOL_CONVERSION = YES;
				CLANG_WARN_COMMA = YES;
				CLANG_WARN_CONSTANT_CONVERSION = YES;
				CLANG_WARN_DEPRECATED_OBJC_IMPLEMENTATIONS = YES;
				CLANG_WARN_DIRECT_OBJC_ISA_USAGE = YES_ERROR;
				CLANG_WARN_DOCUMENTATION_COMMENTS = YES;
				CLANG_WARN_EMPTY_BODY = YES;
				CLANG_WARN_ENUM_CONVERSION = YES;
				CLANG_WARN_INFINITE_RECURSION = YES;
				CLANG_WARN_INT_CONVERSION = YES;
				CLANG_WARN_NON_LITERAL_NULL_CONVERSION = YES;
				CLANG_WARN_OBJC_IMPLICIT_RETAIN_SELF = YES;
				CLANG_WARN_OBJC_LITERAL_CONVERSION = YES;
				CLANG_WARN_OBJC_ROOT_CLASS = YES_ERROR;
				CLANG_WARN_QUOTED_INCLUDE_IN_FRAMEWORK_HEADER = YES;
				CLANG_WARN_RANGE_LOOP_ANALYSIS = YES;
				CLANG_WARN_STRICT_PROTOTYPES = YES;
				CLANG_WARN_SUSPICIOUS_MOVE = YES;
				CLANG_WARN_UNGUARDED_AVAILABILITY = YES_AGGRESSIVE;
				CLANG_WARN_UNREACHABLE_CODE = YES;
				CLANG_WARN__DUPLICATE_METHOD_MATCH = YES;
				COPY_PHASE_STRIP = NO;
				DEBUG_INFORMATION_FORMAT = dwarf;
				ENABLE_STRICT_OBJC_MSGSEND = YES;
				ENABLE_TESTABILITY = YES;
				ENABLE_USER_SCRIPT_SANDBOXING = YES;
				GCC_C_LANGUAGE_STANDARD = gnu17;
				GCC_DYNAMIC_NO_PIC = NO;
				GCC_NO_COMMON_BLOCKS = YES;
				GCC_OPTIMIZATION_LEVEL = 0;
				GCC_PREPROCESSOR_DEFINITIONS = (
					"DEBUG=1",
					"$(inherited)",
				);
				GCC_WARN_64_TO_32_BIT_CONVERSION = YES;
				GCC_WARN_ABOUT_RETURN_TYPE = YES_ERROR;
				GCC_WARN_UNDECLARED_SELECTOR = YES;
				GCC_WARN_UNINITIALIZED_AUTOS = YES_AGGRESSIVE;
				GCC_WARN_UNUSED_FUNCTION = YES;
				GCC_WARN_UNUSED_VARIABLE = YES;
				IPHONEOS_DEPLOYMENT_TARGET = 17.5;
				LOCALIZATION_PREFERS_STRING_CATALOGS = YES;
				MTL_ENABLE_DEBUG_INFO = INCLUDE_SOURCE;
				MTL_FAST_MATH = YES;
				ONLY_ACTIVE_ARCH = YES;
				SDKROOT = iphoneos;
				SWIFT_ACTIVE_COMPILATION_CONDITIONS = "DEBUG $(inherited)";
				SWIFT_OPTIMIZATION_LEVEL = "-Onone";
			};
			name = Debug;
		};
		0A99FB952CEC6605002AF2BB /* Release */ = {
			isa = XCBuildConfiguration;
			buildSettings = {
				ALWAYS_SEARCH_USER_PATHS = NO;
				ASSETCATALOG_COMPILER_GENERATE_SWIFT_ASSET_SYMBOL_EXTENSIONS = YES;
				CLANG_ANALYZER_NONNULL = YES;
				CLANG_ANALYZER_NUMBER_OBJECT_CONVERSION = YES_AGGRESSIVE;
				CLANG_CXX_LANGUAGE_STANDARD = "gnu++20";
				CLANG_ENABLE_MODULES = YES;
				CLANG_ENABLE_OBJC_ARC = YES;
				CLANG_ENABLE_OBJC_WEAK = YES;
				CLANG_WARN_BLOCK_CAPTURE_AUTORELEASING = YES;
				CLANG_WARN_BOOL_CONVERSION = YES;
				CLANG_WARN_COMMA = YES;
				CLANG_WARN_CONSTANT_CONVERSION = YES;
				CLANG_WARN_DEPRECATED_OBJC_IMPLEMENTATIONS = YES;
				CLANG_WARN_DIRECT_OBJC_ISA_USAGE = YES_ERROR;
				CLANG_WARN_DOCUMENTATION_COMMENTS = YES;
				CLANG_WARN_EMPTY_BODY = YES;
				CLANG_WARN_ENUM_CONVERSION = YES;
				CLANG_WARN_INFINITE_RECURSION = YES;
				CLANG_WARN_INT_CONVERSION = YES;
				CLANG_WARN_NON_LITERAL_NULL_CONVERSION = YES;
				CLANG_WARN_OBJC_IMPLICIT_RETAIN_SELF = YES;
				CLANG_WARN_OBJC_LITERAL_CONVERSION = YES;
				CLANG_WARN_OBJC_ROOT_CLASS = YES_ERROR;
				CLANG_WARN_QUOTED_INCLUDE_IN_FRAMEWORK_HEADER = YES;
				CLANG_WARN_RANGE_LOOP_ANALYSIS = YES;
				CLANG_WARN_STRICT_PROTOTYPES = YES;
				CLANG_WARN_SUSPICIOUS_MOVE = YES;
				CLANG_WARN_UNGUARDED_AVAILABILITY = YES_AGGRESSIVE;
				CLANG_WARN_UNREACHABLE_CODE = YES;
				CLANG_WARN__DUPLICATE_METHOD_MATCH = YES;
				COPY_PHASE_STRIP = NO;
				DEBUG_INFORMATION_FORMAT = "dwarf-with-dsym";
				ENABLE_NS_ASSERTIONS = NO;
				ENABLE_STRICT_OBJC_MSGSEND = YES;
				ENABLE_USER_SCRIPT_SANDBOXING = YES;
				GCC_C_LANGUAGE_STANDARD = gnu17;
				GCC_NO_COMMON_BLOCKS = YES;
				GCC_WARN_64_TO_32_BIT_CONVERSION = YES;
				GCC_WARN_ABOUT_RETURN_TYPE = YES_ERROR;
				GCC_WARN_UNDECLARED_SELECTOR = YES;
				GCC_WARN_UNINITIALIZED_AUTOS = YES_AGGRESSIVE;
				GCC_WARN_UNUSED_FUNCTION = YES;
				GCC_WARN_UNUSED_VARIABLE = YES;
				IPHONEOS_DEPLOYMENT_TARGET = 17.5;
				LOCALIZATION_PREFERS_STRING_CATALOGS = YES;
				MTL_ENABLE_DEBUG_INFO = NO;
				MTL_FAST_MATH = YES;
				SDKROOT = iphoneos;
				SWIFT_COMPILATION_MODE = wholemodule;
				VALIDATE_PRODUCT = YES;
			};
			name = Release;
		};
		0A99FB972CEC6605002AF2BB /* Debug */ = {
			isa = XCBuildConfiguration;
			buildSettings = {
				ASSETCATALOG_COMPILER_APPICON_NAME = AppIcon;
				ASSETCATALOG_COMPILER_GLOBAL_ACCENT_COLOR_NAME = AccentColor;
				CODE_SIGN_STYLE = Automatic;
				CURRENT_PROJECT_VERSION = 1;
				GENERATE_INFOPLIST_FILE = YES;
				INFOPLIST_FILE = UIKitTest/Info.plist;
				INFOPLIST_KEY_UIApplicationSupportsIndirectInputEvents = YES;
				INFOPLIST_KEY_UILaunchStoryboardName = LaunchScreen;
				INFOPLIST_KEY_UIMainStoryboardFile = Main;
				INFOPLIST_KEY_UISupportedInterfaceOrientations_iPad = "UIInterfaceOrientationPortrait UIInterfaceOrientationPortraitUpsideDown UIInterfaceOrientationLandscapeLeft UIInterfaceOrientationLandscapeRight";
				INFOPLIST_KEY_UISupportedInterfaceOrientations_iPhone = "UIInterfaceOrientationPortrait UIInterfaceOrientationLandscapeLeft UIInterfaceOrientationLandscapeRight";
				IPHONEOS_DEPLOYMENT_TARGET = 14.0;
				LD_RUNPATH_SEARCH_PATHS = (
					"$(inherited)",
					"@executable_path/Frameworks",
				);
				MARKETING_VERSION = 1.0;
				PRODUCT_BUNDLE_IDENTIFIER = CodeKevin.UIKitTest;
				PRODUCT_NAME = "$(TARGET_NAME)";
				SWIFT_EMIT_LOC_STRINGS = YES;
				SWIFT_VERSION = 5.0;
				TARGETED_DEVICE_FAMILY = "1,2";
			};
			name = Debug;
		};
		0A99FB982CEC6605002AF2BB /* Release */ = {
			isa = XCBuildConfiguration;
			buildSettings = {
				ASSETCATALOG_COMPILER_APPICON_NAME = AppIcon;
				ASSETCATALOG_COMPILER_GLOBAL_ACCENT_COLOR_NAME = AccentColor;
				CODE_SIGN_STYLE = Automatic;
				CURRENT_PROJECT_VERSION = 1;
				GENERATE_INFOPLIST_FILE = YES;
				INFOPLIST_FILE = UIKitTest/Info.plist;
				INFOPLIST_KEY_UIApplicationSupportsIndirectInputEvents = YES;
				INFOPLIST_KEY_UILaunchStoryboardName = LaunchScreen;
				INFOPLIST_KEY_UIMainStoryboardFile = Main;
				INFOPLIST_KEY_UISupportedInterfaceOrientations_iPad = "UIInterfaceOrientationPortrait UIInterfaceOrientationPortraitUpsideDown UIInterfaceOrientationLandscapeLeft UIInterfaceOrientationLandscapeRight";
				INFOPLIST_KEY_UISupportedInterfaceOrientations_iPhone = "UIInterfaceOrientationPortrait UIInterfaceOrientationLandscapeLeft UIInterfaceOrientationLandscapeRight";
				IPHONEOS_DEPLOYMENT_TARGET = 14.0;
				LD_RUNPATH_SEARCH_PATHS = (
					"$(inherited)",
					"@executable_path/Frameworks",
				);
				MARKETING_VERSION = 1.0;
				PRODUCT_BUNDLE_IDENTIFIER = CodeKevin.UIKitTest;
				PRODUCT_NAME = "$(TARGET_NAME)";
				SWIFT_EMIT_LOC_STRINGS = YES;
				SWIFT_VERSION = 5.0;
				TARGETED_DEVICE_FAMILY = "1,2";
			};
			name = Release;
		};
		0A99FB9A2CEC6605002AF2BB /* Debug */ = {
			isa = XCBuildConfiguration;
			buildSettings = {
				ALWAYS_EMBED_SWIFT_STANDARD_LIBRARIES = YES;
				BUNDLE_LOADER = "$(TEST_HOST)";
				CODE_SIGN_STYLE = Automatic;
				CURRENT_PROJECT_VERSION = 1;
				GENERATE_INFOPLIST_FILE = YES;
				IPHONEOS_DEPLOYMENT_TARGET = 17.5;
				MARKETING_VERSION = 1.0;
				PRODUCT_BUNDLE_IDENTIFIER = CodeKevin.UIKitTestTests;
				PRODUCT_NAME = "$(TARGET_NAME)";
				SWIFT_EMIT_LOC_STRINGS = NO;
				SWIFT_VERSION = 5.0;
				TARGETED_DEVICE_FAMILY = "1,2";
				TEST_HOST = "$(BUILT_PRODUCTS_DIR)/UIKitTest.app/$(BUNDLE_EXECUTABLE_FOLDER_PATH)/UIKitTest";
			};
			name = Debug;
		};
		0A99FB9B2CEC6605002AF2BB /* Release */ = {
			isa = XCBuildConfiguration;
			buildSettings = {
				ALWAYS_EMBED_SWIFT_STANDARD_LIBRARIES = YES;
				BUNDLE_LOADER = "$(TEST_HOST)";
				CODE_SIGN_STYLE = Automatic;
				CURRENT_PROJECT_VERSION = 1;
				GENERATE_INFOPLIST_FILE = YES;
				IPHONEOS_DEPLOYMENT_TARGET = 17.5;
				MARKETING_VERSION = 1.0;
				PRODUCT_BUNDLE_IDENTIFIER = CodeKevin.UIKitTestTests;
				PRODUCT_NAME = "$(TARGET_NAME)";
				SWIFT_EMIT_LOC_STRINGS = NO;
				SWIFT_VERSION = 5.0;
				TARGETED_DEVICE_FAMILY = "1,2";
				TEST_HOST = "$(BUILT_PRODUCTS_DIR)/UIKitTest.app/$(BUNDLE_EXECUTABLE_FOLDER_PATH)/UIKitTest";
			};
			name = Release;
		};
		0A99FB9D2CEC6605002AF2BB /* Debug */ = {
			isa = XCBuildConfiguration;
			buildSettings = {
				ALWAYS_EMBED_SWIFT_STANDARD_LIBRARIES = YES;
				CODE_SIGN_STYLE = Automatic;
				CURRENT_PROJECT_VERSION = 1;
				GENERATE_INFOPLIST_FILE = YES;
				MARKETING_VERSION = 1.0;
				PRODUCT_BUNDLE_IDENTIFIER = CodeKevin.UIKitTestUITests;
				PRODUCT_NAME = "$(TARGET_NAME)";
				SWIFT_EMIT_LOC_STRINGS = NO;
				SWIFT_VERSION = 5.0;
				TARGETED_DEVICE_FAMILY = "1,2";
				TEST_TARGET_NAME = UIKitTest;
			};
			name = Debug;
		};
		0A99FB9E2CEC6605002AF2BB /* Release */ = {
			isa = XCBuildConfiguration;
			buildSettings = {
				ALWAYS_EMBED_SWIFT_STANDARD_LIBRARIES = YES;
				CODE_SIGN_STYLE = Automatic;
				CURRENT_PROJECT_VERSION = 1;
				GENERATE_INFOPLIST_FILE = YES;
				MARKETING_VERSION = 1.0;
				PRODUCT_BUNDLE_IDENTIFIER = CodeKevin.UIKitTestUITests;
				PRODUCT_NAME = "$(TARGET_NAME)";
				SWIFT_EMIT_LOC_STRINGS = NO;
				SWIFT_VERSION = 5.0;
				TARGETED_DEVICE_FAMILY = "1,2";
				TEST_TARGET_NAME = UIKitTest;
			};
			name = Release;
		};
/* End XCBuildConfiguration section */

/* Begin XCConfigurationList section */
		0A99FB672CEC65FB002AF2BB /* Build configuration list for PBXProject "UIKitTest" */ = {
			isa = XCConfigurationList;
			buildConfigurations = (
				0A99FB942CEC6605002AF2BB /* Debug */,
				0A99FB952CEC6605002AF2BB /* Release */,
			);
			defaultConfigurationIsVisible = 0;
			defaultConfigurationName = Release;
		};
		0A99FB962CEC6605002AF2BB /* Build configuration list for PBXNativeTarget "UIKitTest" */ = {
			isa = XCConfigurationList;
			buildConfigurations = (
				0A99FB972CEC6605002AF2BB /* Debug */,
				0A99FB982CEC6605002AF2BB /* Release */,
			);
			defaultConfigurationIsVisible = 0;
			defaultConfigurationName = Release;
		};
		0A99FB992CEC6605002AF2BB /* Build configuration list for PBXNativeTarget "UIKitTestTests" */ = {
			isa = XCConfigurationList;
			buildConfigurations = (
				0A99FB9A2CEC6605002AF2BB /* Debug */,
				0A99FB9B2CEC6605002AF2BB /* Release */,
			);
			defaultConfigurationIsVisible = 0;
			defaultConfigurationName = Release;
		};
		0A99FB9C2CEC6605002AF2BB /* Build configuration list for PBXNativeTarget "UIKitTestUITests" */ = {
			isa = XCConfigurationList;
			buildConfigurations = (
				0A99FB9D2CEC6605002AF2BB /* Debug */,
				0A99FB9E2CEC6605002AF2BB /* Release */,
			);
			defaultConfigurationIsVisible = 0;
			defaultConfigurationName = Release;
		};
/* End XCConfigurationList section */

/* Begin XCRemoteSwiftPackageReference section */
		0A99FB9F2CEC6862002AF2BB /* XCRemoteSwiftPackageReference "SnapKit" */ = {
			isa = XCRemoteSwiftPackageReference;
			repositoryURL = "https://github.com/SnapKit/SnapKit.git";
			requirement = {
				kind = exactVersion;
				version = 5.7.1;
			};
		};
/* End XCRemoteSwiftPackageReference section */

/* Begin XCSwiftPackageProductDependency section */
		0A99FBA02CEC6862002AF2BB /* SnapKit */ = {
			isa = XCSwiftPackageProductDependency;
			package = 0A99FB9F2CEC6862002AF2BB /* XCRemoteSwiftPackageReference "SnapKit" */;
			productName = SnapKit;
		};
/* End XCSwiftPackageProductDependency section */
	};
	rootObject = 0A99FB642CEC65FB002AF2BB /* Project object */;
}
